// !$*UTF8*$!
{
	archiveVersion = 1;
	classes = {
	};
	objectVersion = 77;
	objects = {

/* Begin PBXBuildFile section */
		596C67822FBE1E91005A6BCF /* LocationManager.swift in Sources */ = {isa = PBXBuildFile; fileRef = 596C67812FBE1E91005A6BCF /* LocationManager.swift */; };
		596C67842FBE21D8005A6BCF /* SearchManager.swift in Sources */ = {isa = PBXBuildFile; fileRef = 596C67832FBE21D8005A6BCF /* SearchManager.swift */; };
/* End PBXBuildFile section */

/* Begin PBXContainerItemProxy section */
		596C675F2F9E65F2005A6BCF /* PBXContainerItemProxy */ = {
			isa = PBXContainerItemProxy;
			containerPortal = 596C67462F9E65F0005A6BCF /* Project object */;
			proxyType = 1;
			remoteGlobalIDString = 596C674D2F9E65F0005A6BCF;
			remoteInfo = Pod;
		};
		596C67692F9E65F2005A6BCF /* PBXContainerItemProxy */ = {
			isa = PBXContainerItemProxy;
			containerPortal = 596C67462F9E65F0005A6BCF /* Project object */;
			proxyType = 1;
			remoteGlobalIDString = 596C674D2F9E65F0005A6BCF;
			remoteInfo = Pod;
		};
/* End PBXContainerItemProxy section */

/* Begin PBXFileReference section */
		596C674E2F9E65F0005A6BCF /* Pod.app */ = {isa = PBXFileReference; explicitFileType = wrapper.application; includeInIndex = 0; path = Pod.app; sourceTree = BUILT_PRODUCTS_DIR; };
		596C675E2F9E65F2005A6BCF /* PodTests.xctest */ = {isa = PBXFileReference; explicitFileType = wrapper.cfbundle; includeInIndex = 0; path = PodTests.xctest; sourceTree = BUILT_PRODUCTS_DIR; };
		596C67682F9E65F2005A6BCF /* PodUITests.xctest */ = {isa = PBXFileReference; explicitFileType = wrapper.cfbundle; includeInIndex = 0; path = PodUITests.xctest; sourceTree = BUILT_PRODUCTS_DIR; };
		596C67812FBE1E91005A6BCF /* LocationManager.swift */ = {isa = PBXFileReference; lastKnownFileType = sourcecode.swift; path = LocationManager.swift; sourceTree = "<group>"; };
		596C67832FBE21D8005A6BCF /* SearchManager.swift */ = {isa = PBXFileReference; lastKnownFileType = sourcecode.swift; path = SearchManager.swift; sourceTree = "<group>"; };
/* End PBXFileReference section */

/* Begin PBXFileSystemSynchronizedRootGroup section */
		596C67502F9E65F0005A6BCF /* Pod */ = {
			isa = PBXFileSystemSynchronizedRootGroup;
			path = Pod;
			sourceTree = "<group>";
		};
		596C67612F9E65F2005A6BCF /* PodTests */ = {
			isa = PBXFileSystemSynchronizedRootGroup;
			path = PodTests;
			sourceTree = "<group>";
		};
		596C676B2F9E65F2005A6BCF /* PodUITests */ = {
			isa = PBXFileSystemSynchronizedRootGroup;
			path = PodUITests;
			sourceTree = "<group>";
		};
/* End PBXFileSystemSynchronizedRootGroup section */

/* Begin PBXFrameworksBuildPhase section */
		596C674B2F9E65F0005A6BCF /* Frameworks */ = {
			isa = PBXFrameworksBuildPhase;
			buildActionMask = 2147483647;
			files = (
			);
			runOnlyForDeploymentPostprocessing = 0;
		};
		596C675B2F9E65F2005A6BCF /* Frameworks */ = {
			isa = PBXFrameworksBuildPhase;
			buildActionMask = 2147483647;
			files = (
			);
			runOnlyForDeploymentPostprocessing = 0;
		};
		596C67652F9E65F2005A6BCF /* Frameworks */ = {
			isa = PBXFrameworksBuildPhase;
			buildActionMask = 2147483647;
			files = (
			);
			runOnlyForDeploymentPostprocessing = 0;
		};
/* End PBXFrameworksBuildPhase section */

/* Begin PBXGroup section */
		596C67452F9E65F0005A6BCF = {
			isa = PBXGroup;
			children = (
				596C67832FBE21D8005A6BCF /* SearchManager.swift */,
				596C67812FBE1E91005A6BCF /* LocationManager.swift */,
				596C67502F9E65F0005A6BCF /* Pod */,
				596C67612F9E65F2005A6BCF /* PodTests */,
				596C676B2F9E65F2005A6BCF /* PodUITests */,
				596C674F2F9E65F0005A6BCF /* Products */,
			);
			sourceTree = "<group>";
		};
		596C674F2F9E65F0005A6BCF /* Products */ = {
			isa = PBXGroup;
			children = (
				596C674E2F9E65F0005A6BCF /* Pod.app */,
				596C675E2F9E65F2005A6BCF /* PodTests.xctest */,
				596C67682F9E65F2005A6BCF /* PodUITests.xctest */,
			);
			name = Products;
			sourceTree = "<group>";
		};
/* End PBXGroup section */

/* Begin PBXNativeTarget section */
		596C674D2F9E65F0005A6BCF /* Pod */ = {
			isa = PBXNativeTarget;
			buildConfigurationList = 596C67722F9E65F2005A6BCF /* Build configuration list for PBXNativeTarget "Pod" */;
			buildPhases = (
				596C674A2F9E65F0005A6BCF /* Sources */,
				596C674B2F9E65F0005A6BCF /* Frameworks */,
				596C674C2F9E65F0005A6BCF /* Resources */,
			);
			buildRules = (
			);
			dependencies = (
			);
			fileSystemSynchronizedGroups = (
				596C67502F9E65F0005A6BCF /* Pod */,
			);
			name = Pod;
			packageProductDependencies = (
			);
			productName = Pod;
			productReference = 596C674E2F9E65F0005A6BCF /* Pod.app */;
			productType = "com.apple.product-type.application";
		};
		596C675D2F9E65F2005A6BCF /* PodTests */ = {
			isa = PBXNativeTarget;
			buildConfigurationList = 596C67752F9E65F2005A6BCF /* Build configuration list for PBXNativeTarget "PodTests" */;
			buildPhases = (
				596C675A2F9E65F2005A6BCF /* Sources */,
				596C675B2F9E65F2005A6BCF /* Frameworks */,
				596C675C2F9E65F2005A6BCF /* Resources */,
			);
			buildRules = (
			);
			dependencies = (
				596C67602F9E65F2005A6BCF /* PBXTargetDependency */,
			);
			fileSystemSynchronizedGroups = (
				596C67612F9E65F2005A6BCF /* PodTests */,
			);
			name = PodTests;
			packageProductDependencies = (
			);
			productName = PodTests;
			productReference = 596C675E2F9E65F2005A6BCF /* PodTests.xctest */;
			productType = "com.apple.product-type.bundle.unit-test";
		};
		596C67672F9E65F2005A6BCF /* PodUITests */ = {
			isa = PBXNativeTarget;
			buildConfigurationList = 596C67782F9E65F2005A6BCF /* Build configuration list for PBXNativeTarget "PodUITests" */;
			buildPhases = (
				596C67642F9E65F2005A6BCF /* Sources */,
				596C67652F9E65F2005A6BCF /* Frameworks */,
				596C67662F9E65F2005A6BCF /* Resources */,
			);
			buildRules = (
			);
			dependencies = (
				596C676A2F9E65F2005A6BCF /* PBXTargetDependency */,
			);
			fileSystemSynchronizedGroups = (
				596C676B2F9E65F2005A6BCF /* PodUITests */,
			);
			name = PodUITests;
			packageProductDependencies = (
			);
			productName = PodUITests;
			productReference = 596C67682F9E65F2005A6BCF /* PodUITests.xctest */;
			productType = "com.apple.product-type.bundle.ui-testing";
		};
/* End PBXNativeTarget section */

/* Begin PBXProject section */
		596C67462F9E65F0005A6BCF /* Project object */ = {
			isa = PBXProject;
			attributes = {
				BuildIndependentTargetsInParallel = 1;
				LastSwiftUpdateCheck = 1620;
				LastUpgradeCheck = 1620;
				TargetAttributes = {
					596C674D2F9E65F0005A6BCF = {
						CreatedOnToolsVersion = 16.2;
					};
					596C675D2F9E65F2005A6BCF = {
						CreatedOnToolsVersion = 16.2;
						TestTargetID = 596C674D2F9E65F0005A6BCF;
					};
					596C67672F9E65F2005A6BCF = {
						CreatedOnToolsVersion = 16.2;
						TestTargetID = 596C674D2F9E65F0005A6BCF;
					};
				};
			};
			buildConfigurationList = 596C67492F9E65F0005A6BCF /* Build configuration list for PBXProject "Pod" */;
			developmentRegion = en;
			hasScannedForEncodings = 0;
			knownRegions = (
				en,
				Base,
			);
			mainGroup = 596C67452F9E65F0005A6BCF;
			minimizedProjectReferenceProxies = 1;
			preferredProjectObjectVersion = 77;
			productRefGroup = 596C674F2F9E65F0005A6BCF /* Products */;
			projectDirPath = "";
			projectRoot = "";
			targets = (
				596C674D2F9E65F0005A6BCF /* Pod */,
				596C675D2F9E65F2005A6BCF /* PodTests */,
				596C67672F9E65F2005A6BCF /* PodUITests */,
			);
		};
/* End PBXProject section */

/* Begin PBXResourcesBuildPhase section */
		596C674C2F9E65F0005A6BCF /* Resources */ = {
			isa = PBXResourcesBuildPhase;
			buildActionMask = 2147483647;
			files = (
			);
			runOnlyForDeploymentPostprocessing = 0;
		};
		596C675C2F9E65F2005A6BCF /* Resources */ = {
			isa = PBXResourcesBuildPhase;
			buildActionMask = 2147483647;
			files = (
			);
			runOnlyForDeploymentPostprocessing = 0;
		};
		596C67662F9E65F2005A6BCF /* Resources */ = {
			isa = PBXResourcesBuildPhase;
			buildActionMask = 2147483647;
			files = (
			);
			runOnlyForDeploymentPostprocessing = 0;
		};
/* End PBXResourcesBuildPhase section */

/* Begin PBXSourcesBuildPhase section */
		596C674A2F9E65F0005A6BCF /* Sources */ = {
			isa = PBXSourcesBuildPhase;
			buildActionMask = 2147483647;
			files = (
				596C67822FBE1E91005A6BCF /* LocationManager.swift in Sources */,
				596C67842FBE21D8005A6BCF /* SearchManager.swift in Sources */,
			);
			runOnlyForDeploymentPostprocessing = 0;
		};
		596C675A2F9E65F2005A6BCF /* Sources */ = {
			isa = PBXSourcesBuildPhase;
			buildActionMask = 2147483647;
			files = (
			);
			runOnlyForDeploymentPostprocessing = 0;
		};
		596C67642F9E65F2005A6BCF /* Sources */ = {
			isa = PBXSourcesBuildPhase;
			buildActionMask = 2147483647;
			files = (
			);
			runOnlyForDeploymentPostprocessing = 0;
		};
/* End PBXSourcesBuildPhase section */

/* Begin PBXTargetDependency section */
		596C67602F9E65F2005A6BCF /* PBXTargetDependency */ = {
			isa = PBXTargetDependency;
			target = 596C674D2F9E65F0005A6BCF /* Pod */;
			targetProxy = 596C675F2F9E65F2005A6BCF /* PBXContainerItemProxy */;
		};
		596C676A2F9E65F2005A6BCF /* PBXTargetDependency */ = {
			isa = PBXTargetDependency;
			target = 596C674D2F9E65F0005A6BCF /* Pod */;
			targetProxy = 596C67692F9E65F2005A6BCF /* PBXContainerItemProxy */;
		};
/* End PBXTargetDependency section */

/* Begin XCBuildConfiguration section */
		596C67702F9E65F2005A6BCF /* Debug */ = {
			isa = XCBuildConfiguration;
			buildSettings = {
				ALWAYS_SEARCH_USER_PATHS = NO;
				ASSETCATALOG_COMPILER_GENERATE_SWIFT_ASSET_SYMBOL_EXTENSIONS = YES;
				CLANG_ANALYZER_NONNULL = YES;
				CLANG_ANALYZER_NUMBER_OBJECT_CONVERSION = YES_AGGRESSIVE;
				CLANG_CXX_LANGUAGE_STANDARD = "gnu++20";
				CLANG_ENABLE_MODULES = YES;
				CLANG_ENABLE_OBJC_ARC = YES;
				CLANG_ENABLE_OBJC_WEAK = YES;
				CLANG_WARN_BLOCK_CAPTURE_AUTORELEASING = YES;
				CLANG_WARN_BOOL_CONVERSION = YES;
				CLANG_WARN_COMMA = YES;
				CLANG_WARN_CONSTANT_CONVERSION = YES;
				CLANG_WARN_DEPRECATED_OBJC_IMPLEMENTATIONS = YES;
				CLANG_WARN_DIRECT_OBJC_ISA_USAGE = YES_ERROR;
				CLANG_WARN_DOCUMENTATION_COMMENTS = YES;
				CLANG_WARN_EMPTY_BODY = YES;
				CLANG_WARN_ENUM_CONVERSION = YES;
				CLANG_WARN_INFINITE_RECURSION = YES;
				CLANG_WARN_INT_CONVERSION = YES;
				CLANG_WARN_NON_LITERAL_NULL_CONVERSION = YES;
				CLANG_WARN_OBJC_IMPLICIT_RETAIN_SELF = YES;
				CLANG_WARN_OBJC_LITERAL_CONVERSION = YES;
				CLANG_WARN_OBJC_ROOT_CLASS = YES_ERROR;
				CLANG_WARN_QUOTED_INCLUDE_IN_FRAMEWORK_HEADER = YES;
				CLANG_WARN_RANGE_LOOP_ANALYSIS = YES;
				CLANG_WARN_STRICT_PROTOTYPES = YES;
				CLANG_WARN_SUSPICIOUS_MOVE = YES;
				CLANG_WARN_UNGUARDED_AVAILABILITY = YES_AGGRESSIVE;
				CLANG_WARN_UNREACHABLE_CODE = YES;
				CLANG_WARN__DUPLICATE_METHOD_MATCH = YES;
				COPY_PHASE_STRIP = NO;
				DEBUG_INFORMATION_FORMAT = dwarf;
				ENABLE_STRICT_OBJC_MSGSEND = YES;
				ENABLE_TESTABILITY = YES;
				ENABLE_USER_SCRIPT_SANDBOXING = YES;
				GCC_C_LANGUAGE_STANDARD = gnu17;
				GCC_DYNAMIC_NO_PIC = NO;
				GCC_NO_COMMON_BLOCKS = YES;
				GCC_OPTIMIZATION_LEVEL = 0;
				GCC_PREPROCESSOR_DEFINITIONS = (
					"DEBUG=1",
					"$(inherited)",
				);
				GCC_WARN_64_TO_32_BIT_CONVERSION = YES;
				GCC_WARN_ABOUT_RETURN_TYPE = YES_ERROR;
				GCC_WARN_UNDECLARED_SELECTOR = YES;
				GCC_WARN_UNINITIALIZED_AUTOS = YES_AGGRESSIVE;
				GCC_WARN_UNUSED_FUNCTION = YES;
				GCC_WARN_UNUSED_VARIABLE = YES;
				IPHONEOS_DEPLOYMENT_TARGET = 18.2;
				LOCALIZATION_PREFERS_STRING_CATALOGS = YES;
				MTL_ENABLE_DEBUG_INFO = INCLUDE_SOURCE;
				MTL_FAST_MATH = YES;
				ONLY_ACTIVE_ARCH = YES;
				SDKROOT = iphoneos;
				SWIFT_ACTIVE_COMPILATION_CONDITIONS = "DEBUG $(inherited)";
				SWIFT_OPTIMIZATION_LEVEL = "-Onone";
			};
			name = Debug;
		};
		596C67712F9E65F2005A6BCF /* Release */ = {
			isa = XCBuildConfiguration;
			buildSettings = {
				ALWAYS_SEARCH_USER_PATHS = NO;
				ASSETCATALOG_COMPILER_GENERATE_SWIFT_ASSET_SYMBOL_EXTENSIONS = YES;
				CLANG_ANALYZER_NONNULL = YES;
				CLANG_ANALYZER_NUMBER_OBJECT_CONVERSION = YES_AGGRESSIVE;
				CLANG_CXX_LANGUAGE_STANDARD = "gnu++20";
				CLANG_ENABLE_MODULES = YES;
				CLANG_ENABLE_OBJC_ARC = YES;
				CLANG_ENABLE_OBJC_WEAK = YES;
				CLANG_WARN_BLOCK_CAPTURE_AUTORELEASING = YES;
				CLANG_WARN_BOOL_CONVERSION = YES;
				CLANG_WARN_COMMA = YES;
				CLANG_WARN_CONSTANT_CONVERSION = YES;
				CLANG_WARN_DEPRECATED_OBJC_IMPLEMENTATIONS = YES;
				CLANG_WARN_DIRECT_OBJC_ISA_USAGE = YES_ERROR;
				CLANG_WARN_DOCUMENTATION_COMMENTS = YES;
				CLANG_WARN_EMPTY_BODY = YES;
				CLANG_WARN_ENUM_CONVERSION = YES;
				CLANG_WARN_INFINITE_RECURSION = YES;
				CLANG_WARN_INT_CONVERSION = YES;
				CLANG_WARN_NON_LITERAL_NULL_CONVERSION = YES;
				CLANG_WARN_OBJC_IMPLICIT_RETAIN_SELF = YES;
				CLANG_WARN_OBJC_LITERAL_CONVERSION = YES;
				CLANG_WARN_OBJC_ROOT_CLASS = YES_ERROR;
				CLANG_WARN_QUOTED_INCLUDE_IN_FRAMEWORK_HEADER = YES;
				CLANG_WARN_RANGE_LOOP_ANALYSIS = YES;
				CLANG_WARN_STRICT_PROTOTYPES = YES;
				CLANG_WARN_SUSPICIOUS_MOVE = YES;
				CLANG_WARN_UNGUARDED_AVAILABILITY = YES_AGGRESSIVE;
				CLANG_WARN_UNREACHABLE_CODE = YES;
				CLANG_WARN__DUPLICATE_METHOD_MATCH = YES;
				COPY_PHASE_STRIP = NO;
				DEBUG_INFORMATION_FORMAT = "dwarf-with-dsym";
				ENABLE_NS_ASSERTIONS = NO;
				ENABLE_STRICT_OBJC_MSGSEND = YES;
				ENABLE_USER_SCRIPT_SANDBOXING = YES;
				GCC_C_LANGUAGE_STANDARD = gnu17;
				GCC_NO_COMMON_BLOCKS = YES;
				GCC_WARN_64_TO_32_BIT_CONVERSION = YES;
				GCC_WARN_ABOUT_RETURN_TYPE = YES_ERROR;
				GCC_WARN_UNDECLARED_SELECTOR = YES;
				GCC_WARN_UNINITIALIZED_AUTOS = YES_AGGRESSIVE;
				GCC_WARN_UNUSED_FUNCTION = YES;
				GCC_WARN_UNUSED_VARIABLE = YES;
				IPHONEOS_DEPLOYMENT_TARGET = 18.2;
				LOCALIZATION_PREFERS_STRING_CATALOGS = YES;
				MTL_ENABLE_DEBUG_INFO = NO;
				MTL_FAST_MATH = YES;
				SDKROOT = iphoneos;
				SWIFT_COMPILATION_MODE = wholemodule;
				VALIDATE_PRODUCT = YES;
			};
			name = Release;
		};
		596C67732F9E65F2005A6BCF /* Debug */ = {
			isa = XCBuildConfiguration;
			buildSettings = {
				ASSETCATALOG_COMPILER_APPICON_NAME = AppIcon;
				ASSETCATALOG_COMPILER_GLOBAL_ACCENT_COLOR_NAME = AccentColor;
				CODE_SIGN_STYLE = Automatic;
				CURRENT_PROJECT_VERSION = 1;
				DEVELOPMENT_ASSET_PATHS = "\"Pod/Preview Content\"";
				DEVELOPMENT_TEAM = WYV39QMRG2;
				ENABLE_PREVIEWS = YES;
				GENERATE_INFOPLIST_FILE = YES;
				INFOPLIST_KEY_NSBluetoothAlwaysUsageDescription = "To connect to the smart gauge.";
				INFOPLIST_KEY_NSLocationWhenInUseUsageDescription = "Used to calculate the route from your current location to the selected destination.";
				INFOPLIST_KEY_UIApplicationSceneManifest_Generation = YES;
				INFOPLIST_KEY_UIApplicationSupportsIndirectInputEvents = YES;
				INFOPLIST_KEY_UILaunchScreen_Generation = YES;
				INFOPLIST_KEY_UISupportedInterfaceOrientations_iPad = "UIInterfaceOrientationPortrait UIInterfaceOrientationPortraitUpsideDown UIInterfaceOrientationLandscapeLeft UIInterfaceOrientationLandscapeRight";
				INFOPLIST_KEY_UISupportedInterfaceOrientations_iPhone = "UIInterfaceOrientationPortrait UIInterfaceOrientationLandscapeLeft UIInterfaceOrientationLandscapeRight";
				LD_RUNPATH_SEARCH_PATHS = (
					"$(inherited)",
					"@executable_path/Frameworks",
				);
				MARKETING_VERSION = 1.0;
				PRODUCT_BUNDLE_IDENTIFIER = jaya.Pod;
				PRODUCT_NAME = "$(TARGET_NAME)";
				SWIFT_EMIT_LOC_STRINGS = YES;
				SWIFT_VERSION = 5.0;
				TARGETED_DEVICE_FAMILY = "1,2";
			};
			name = Debug;
		};
		596C67742F9E65F2005A6BCF /* Release */ = {
			isa = XCBuildConfiguration;
			buildSettings = {
				ASSETCATALOG_COMPILER_APPICON_NAME = AppIcon;
				ASSETCATALOG_COMPILER_GLOBAL_ACCENT_COLOR_NAME = AccentColor;
				CODE_SIGN_STYLE = Automatic;
				CURRENT_PROJECT_VERSION = 1;
				DEVELOPMENT_ASSET_PATHS = "\"Pod/Preview Content\"";
				DEVELOPMENT_TEAM = WYV39QMRG2;
				ENABLE_PREVIEWS = YES;
				GENERATE_INFOPLIST_FILE = YES;
				INFOPLIST_KEY_NSBluetoothAlwaysUsageDescription = "To connect to the smart gauge.";
				INFOPLIST_KEY_NSLocationWhenInUseUsageDescription = "Used to calculate the route from your current location to the selected destination.";
				INFOPLIST_KEY_UIApplicationSceneManifest_Generation = YES;
				INFOPLIST_KEY_UIApplicationSupportsIndirectInputEvents = YES;
				INFOPLIST_KEY_UILaunchScreen_Generation = YES;
				INFOPLIST_KEY_UISupportedInterfaceOrientations_iPad = "UIInterfaceOrientationPortrait UIInterfaceOrientationPortraitUpsideDown UIInterfaceOrientationLandscapeLeft UIInterfaceOrientationLandscapeRight";
				INFOPLIST_KEY_UISupportedInterfaceOrientations_iPhone = "UIInterfaceOrientationPortrait UIInterfaceOrientationLandscapeLeft UIInterfaceOrientationLandscapeRight";
				LD_RUNPATH_SEARCH_PATHS = (
					"$(inherited)",
					"@executable_path/Frameworks",
				);
				MARKETING_VERSION = 1.0;
				PRODUCT_BUNDLE_IDENTIFIER = jaya.Pod;
				PRODUCT_NAME = "$(TARGET_NAME)";
				SWIFT_EMIT_LOC_STRINGS = YES;
				SWIFT_VERSION = 5.0;
				TARGETED_DEVICE_FAMILY = "1,2";
			};
			name = Release;
		};
		596C67762F9E65F2005A6BCF /* Debug */ = {
			isa = XCBuildConfiguration;
			buildSettings = {
				BUNDLE_LOADER = "$(TEST_HOST)";
				CODE_SIGN_STYLE = Automatic;
				CURRENT_PROJECT_VERSION = 1;
				DEVELOPMENT_TEAM = WYV39QMRG2;
				GENERATE_INFOPLIST_FILE = YES;
				IPHONEOS_DEPLOYMENT_TARGET = 18.2;
				MARKETING_VERSION = 1.0;
				PRODUCT_BUNDLE_IDENTIFIER = jaya.PodTests;
				PRODUCT_NAME = "$(TARGET_NAME)";
				SWIFT_EMIT_LOC_STRINGS = NO;
				SWIFT_VERSION = 5.0;
				TARGETED_DEVICE_FAMILY = "1,2";
				TEST_HOST = "$(BUILT_PRODUCTS_DIR)/Pod.app/$(BUNDLE_EXECUTABLE_FOLDER_PATH)/Pod";
			};
			name = Debug;
		};
		596C67772F9E65F2005A6BCF /* Release */ = {
			isa = XCBuildConfiguration;
			buildSettings = {
				BUNDLE_LOADER = "$(TEST_HOST)";
				CODE_SIGN_STYLE = Automatic;
				CURRENT_PROJECT_VERSION = 1;
				DEVELOPMENT_TEAM = WYV39QMRG2;
				GENERATE_INFOPLIST_FILE = YES;
				IPHONEOS_DEPLOYMENT_TARGET = 18.2;
				MARKETING_VERSION = 1.0;
				PRODUCT_BUNDLE_IDENTIFIER = jaya.PodTests;
				PRODUCT_NAME = "$(TARGET_NAME)";
				SWIFT_EMIT_LOC_STRINGS = NO;
				SWIFT_VERSION = 5.0;
				TARGETED_DEVICE_FAMILY = "1,2";
				TEST_HOST = "$(BUILT_PRODUCTS_DIR)/Pod.app/$(BUNDLE_EXECUTABLE_FOLDER_PATH)/Pod";
			};
			name = Release;
		};
		596C67792F9E65F2005A6BCF /* Debug */ = {
			isa = XCBuildConfiguration;
			buildSettings = {
				CODE_SIGN_STYLE = Automatic;
				CURRENT_PROJECT_VERSION = 1;
				DEVELOPMENT_TEAM = WYV39QMRG2;
				GENERATE_INFOPLIST_FILE = YES;
				MARKETING_VERSION = 1.0;
				PRODUCT_BUNDLE_IDENTIFIER = jaya.PodUITests;
				PRODUCT_NAME = "$(TARGET_NAME)";
				SWIFT_EMIT_LOC_STRINGS = NO;
				SWIFT_VERSION = 5.0;
				TARGETED_DEVICE_FAMILY = "1,2";
				TEST_TARGET_NAME = Pod;
			};
			name = Debug;
		};
		596C677A2F9E65F2005A6BCF /* Release */ = {
			isa = XCBuildConfiguration;
			buildSettings = {
				CODE_SIGN_STYLE = Automatic;
				CURRENT_PROJECT_VERSION = 1;
				DEVELOPMENT_TEAM = WYV39QMRG2;
				GENERATE_INFOPLIST_FILE = YES;
				MARKETING_VERSION = 1.0;
				PRODUCT_BUNDLE_IDENTIFIER = jaya.PodUITests;
				PRODUCT_NAME = "$(TARGET_NAME)";
				SWIFT_EMIT_LOC_STRINGS = NO;
				SWIFT_VERSION = 5.0;
				TARGETED_DEVICE_FAMILY = "1,2";
				TEST_TARGET_NAME = Pod;
			};
			name = Release;
		};
/* End XCBuildConfiguration section */

/* Begin XCConfigurationList section */
		596C67492F9E65F0005A6BCF /* Build configuration list for PBXProject "Pod" */ = {
			isa = XCConfigurationList;
			buildConfigurations = (
				596C67702F9E65F2005A6BCF /* Debug */,
				596C67712F9E65F2005A6BCF /* Release */,
			);
			defaultConfigurationIsVisible = 0;
			defaultConfigurationName = Release;
		};
		596C67722F9E65F2005A6BCF /* Build configuration list for PBXNativeTarget "Pod" */ = {
			isa = XCConfigurationList;
			buildConfigurations = (
				596C67732F9E65F2005A6BCF /* Debug */,
				596C67742F9E65F2005A6BCF /* Release */,
			);
			defaultConfigurationIsVisible = 0;
			defaultConfigurationName = Release;
		};
		596C67752F9E65F2005A6BCF /* Build configuration list for PBXNativeTarget "PodTests" */ = {
			isa = XCConfigurationList;
			buildConfigurations = (
				596C67762F9E65F2005A6BCF /* Debug */,
				596C67772F9E65F2005A6BCF /* Release */,
			);
			defaultConfigurationIsVisible = 0;
			defaultConfigurationName = Release;
		};
		596C67782F9E65F2005A6BCF /* Build configuration list for PBXNativeTarget "PodUITests" */ = {
			isa = XCConfigurationList;
			buildConfigurations = (
				596C67792F9E65F2005A6BCF /* Debug */,
				596C677A2F9E65F2005A6BCF /* Release */,
			);
			defaultConfigurationIsVisible = 0;
			defaultConfigurationName = Release;
		};
/* End XCConfigurationList section */
	};
	rootObject = 596C67462F9E65F0005A6BCF /* Project object */;
}
